
Microsoft Visual Studio Solution File, Format Version 12.00
# Visual Studio Version 16
VisualStudioVersion = 16.0.33927.289
MinimumVisualStudioVersion = 10.0.40219.1
Project("{2150E333-8FDC-42A3-9474-1A3956D46DE8}") = "Task0", "Task0", "{03DE872F-8108-45D7-95C1-39FDE1864B9E}"
EndProject
Project("{2150E333-8FDC-42A3-9474-1A3956D46DE8}") = "Task1", "Task1", "{90AF0211-B62C-4816-810F-488BDF50AA6E}"
EndProject
Project("{2150E333-8FDC-42A3-9474-1A3956D46DE8}") = "Task2", "Task2", "{433FFB40-EC07-4148-99B1-DEE07D03D72B}"
EndProject
Project("{2150E333-8FDC-42A3-9474-1A3956D46DE8}") = "Task3", "Task3", "{12A043D8-8C30-4604-A1E8-3C182103E46E}"
EndProject
Project("{2150E333-8FDC-42A3-9474-1A3956D46DE8}") = "Task4", "Task4", "{E4471C42-179E-40DC-BEF3-CBE02E93E367}"
EndProject
Project("{2150E333-8FDC-42A3-9474-1A3956D46DE8}") = "Task5", "Task5", "{2725D3DD-EACD-4EEF-BEC7-E0F4B0B48F88}"
EndProject
Project("{2150E333-8FDC-42A3-9474-1A3956D46DE8}") = "Task6", "Task6", "{A4B95035-88F2-4799-8009-B699BFC00670}"
EndProject
Project("{2150E333-8FDC-42A3-9474-1A3956D46DE8}") = "Task7", "Task7", "{F8CA48CE-9522-4EAC-960E-6B7ECC030B82}"
EndProject
Project("{FAE04EC0-301F-11D3-BF4B-00C04F79EFBC}") = "Tyuiu.BorisovaDS.Sprint2.Task0.V11", "Tyuiu.BorisovaDS.Sprint2.Task0.V\Tyuiu.BorisovaDS.Sprint2.Task0.V11.csproj", "{63DC3B71-EA36-41B7-9A9D-D18922455BCA}"
EndProject
Project("{FAE04EC0-301F-11D3-BF4B-00C04F79EFBC}") = "Tyuiu.BorisovaDS.Sprint2.Task0.V11.Lib", "Tyuiu.BorisovaDS.Sprint2.Task0.V11.Lib\Tyuiu.BorisovaDS.Sprint2.Task0.V11.Lib.csproj", "{0B47E9FA-AC0A-409A-BC94-EBBAA264BEEE}"
EndProject
Project("{FAE04EC0-301F-11D3-BF4B-00C04F79EFBC}") = "Tyuiu.BorisovaDS.Sprint2.Task0.V11.Test", "Tyuiu.BorisovaDS.Sprint2.Task0.V11.Test\Tyuiu.BorisovaDS.Sprint2.Task0.V11.Test.csproj", "{CDE47A34-D282-416D-9CF8-FF362A2D8279}"
EndProject
Project("{FAE04EC0-301F-11D3-BF4B-00C04F79EFBC}") = "Tyuiu.BorisovaDS.Sprint2.Task1.V11", "Tyuiu.BorisovaDS.Sprint2.Task1.V11\Tyuiu.BorisovaDS.Sprint2.Task1.V11.csproj", "{5CD79321-2A78-4ED0-BD19-DA49560689E2}"
EndProject
Project("{FAE04EC0-301F-11D3-BF4B-00C04F79EFBC}") = "Tyuiu.BorisovaDS.Sprint2.Task1.V11.Lib", "Tyuiu.BorisovaDS.Sprint2.Task1.V11.Lib\Tyuiu.BorisovaDS.Sprint2.Task1.V11.Lib.csproj", "{A61E5C71-7562-43A0-BA05-84C1DD0542C0}"
EndProject
Project("{FAE04EC0-301F-11D3-BF4B-00C04F79EFBC}") = "Tyuiu.BorisovaDS.Sprint2.Task1.V11.Test", "Tyuiu.BorisovaDS.Sprint2.Task1.V11.Test\Tyuiu.BorisovaDS.Sprint2.Task1.V11.Test.csproj", "{545AC1FD-2AD3-468F-9D9E-B5DF9034854A}"
EndProject
Project("{FAE04EC0-301F-11D3-BF4B-00C04F79EFBC}") = "Tyuiu.BorisovaDS.Sprint2.Task2.V19", "Tyuiu.BorisovaDS.Sprint2.Task2.V19\Tyuiu.BorisovaDS.Sprint2.Task2.V19.csproj", "{E2D44F2A-64B1-442C-888D-44495ACF853B}"
EndProject
Project("{FAE04EC0-301F-11D3-BF4B-00C04F79EFBC}") = "Tyuiu.BorisovaDS.Sprint2.Task2.V19.Lib", "Tyuiu.BorisovaDS.Sprint2.Task2.V19.Lib\Tyuiu.BorisovaDS.Sprint2.Task2.V19.Lib.csproj", "{C209A844-B566-467D-9249-17084475325C}"
EndProject
Project("{FAE04EC0-301F-11D3-BF4B-00C04F79EFBC}") = "Tyuiu.BorisovaDS.Sprint2.Task2.V19.Test", "Tyuiu.BorisovaDS.Sprint2.Task2.V19.Test\Tyuiu.BorisovaDS.Sprint2.Task2.V19.Test.csproj", "{D3C6BA0D-875A-4C0B-BB47-1290DD5C25A5}"
EndProject
Project("{FAE04EC0-301F-11D3-BF4B-00C04F79EFBC}") = "Tyuiu.BorisovaDS.Sprint2.Task3.V12", "Tyuiu.BorisovaDS.Sprint2.Task3.V12\Tyuiu.BorisovaDS.Sprint2.Task3.V12.csproj", "{0D70FD01-BB32-4922-BA67-56C294C4D950}"
EndProject
Project("{FAE04EC0-301F-11D3-BF4B-00C04F79EFBC}") = "Tyuiu.BorisovaDS.Sprint2.Task3.V12.Lib", "Tyuiu.BorisovaDS.Sprint2.Task3.V12.Lib\Tyuiu.BorisovaDS.Sprint2.Task3.V12.Lib.csproj", "{155F567F-EB7B-4DE7-8A9B-CE593453D471}"
EndProject
Project("{FAE04EC0-301F-11D3-BF4B-00C04F79EFBC}") = "Tyuiu.BorisovaDS.Sprint2.Task3.V12.Test", "Tyuiu.BorisovaDS.Sprint2.Task3.V12.Test\Tyuiu.BorisovaDS.Sprint2.Task3.V12.Test.csproj", "{8CE6FB48-E3E3-43DD-800A-83A6597559A3}"
EndProject
Project("{FAE04EC0-301F-11D3-BF4B-00C04F79EFBC}") = "Tyuiu.BorisovaDS.Sprint2.Task4.V15", "Tyuiu.BorisovaDS.Sprint2.Task4.V15\Tyuiu.BorisovaDS.Sprint2.Task4.V15.csproj", "{7FE3D8E7-D8CD-4D81-9565-F6A7F8B5BBDD}"
EndProject
Project("{FAE04EC0-301F-11D3-BF4B-00C04F79EFBC}") = "Tyuiu.BorisovaDS.Sprint2.Task4.V15.Lib", "Tyuiu.BorisovaDS.Sprint2.Task4.V15.Lib\Tyuiu.BorisovaDS.Sprint2.Task4.V15.Lib.csproj", "{BB7C5DCE-95C6-4E76-8EE9-CA0B06DBEBBC}"
EndProject
Project("{FAE04EC0-301F-11D3-BF4B-00C04F79EFBC}") = "Tyuiu.BorisovaDS.Sprint2.Task4.V15.Test", "Tyuiu.BorisovaDS.Sprint2.Task4.V15.Test\Tyuiu.BorisovaDS.Sprint2.Task4.V15.Test.csproj", "{539BD0B8-5CDA-423D-82C4-38A3BB8E5F4D}"
EndProject
Project("{FAE04EC0-301F-11D3-BF4B-00C04F79EFBC}") = "Tyuiu.BorisovaDS.Sprint2.Task5.V7", "Tyuiu.BorisovaDS.Sprint2.Task5.V7\Tyuiu.BorisovaDS.Sprint2.Task5.V7.csproj", "{F8BF56C9-25E1-4163-9E88-D3BF5E5AC67F}"
EndProject
Project("{FAE04EC0-301F-11D3-BF4B-00C04F79EFBC}") = "Tyuiu.BorisovaDS.Sprint2.Task5.V7.Lib", "Tyuiu.BorisovaDS.Sprint2.Task5.V7.Lib\Tyuiu.BorisovaDS.Sprint2.Task5.V7.Lib.csproj", "{CB6692C6-F0A9-4ACB-87ED-DB9D1E05C097}"
EndProject
Project("{FAE04EC0-301F-11D3-BF4B-00C04F79EFBC}") = "Tyuiu.BorisovaDS.Sprint2.Task5.V7.Test", "Tyuiu.BorisovaDS.Sprint2.Task5.V7.Test\Tyuiu.BorisovaDS.Sprint2.Task5.V7.Test.csproj", "{CCA3C806-7E52-4D30-84FA-F8DA255E0444}"
EndProject
Project("{FAE04EC0-301F-11D3-BF4B-00C04F79EFBC}") = "Tyuiu.BorisovaDS.Sprint2.Task6.V14", "Tyuiu.BorisovaDS.Sprint2.Task6.V14\Tyuiu.BorisovaDS.Sprint2.Task6.V14.csproj", "{8EEFC150-B69B-467A-88CC-E7D7AA41A5C5}"
EndProject
Project("{FAE04EC0-301F-11D3-BF4B-00C04F79EFBC}") = "Tyuiu.BorisovaDS.Sprint2.Task6.V14.Lib", "Tyuiu.BorisovaDS.Sprint2.Task6.V14.Lib\Tyuiu.BorisovaDS.Sprint2.Task6.V14.Lib.csproj", "{C6D45B95-D9CA-46A6-8338-9028AFE58D2E}"
EndProject
Project("{FAE04EC0-301F-11D3-BF4B-00C04F79EFBC}") = "Tyuiu.BorisovaDS.Sprint2.Task6.V14.Test", "Tyuiu.BorisovaDS.Sprint2.Task6.V14.Test\Tyuiu.BorisovaDS.Sprint2.Task6.V14.Test.csproj", "{14B367BC-3527-4DFF-9C9D-0139D84270FE}"
EndProject
Project("{FAE04EC0-301F-11D3-BF4B-00C04F79EFBC}") = "Tyuiu.BorisovaDS.Sprint2.Task7.V7", "Tyuiu.BorisovaDS.Sprint2.Task7.V7\Tyuiu.BorisovaDS.Sprint2.Task7.V7.csproj", "{BDC5AF3F-5607-43CF-8B1D-B9BC326DA366}"
EndProject
Project("{FAE04EC0-301F-11D3-BF4B-00C04F79EFBC}") = "Tyuiu.BorisovaDS.Sprint2.Task7.V7.Test", "Tyuiu.BorisovaDS.Sprint2.Task7.V7.Test\Tyuiu.BorisovaDS.Sprint2.Task7.V7.Test.csproj", "{58485BA7-C977-4AB4-93DC-65081EFCB371}"
EndProject
Project("{FAE04EC0-301F-11D3-BF4B-00C04F79EFBC}") = "Tyuiu.BorisovaDS.Sprint2.Task7.V7.Lib", "Tyuiu.BorisovaDS.Sprint2.Task7.V7.Lib\Tyuiu.BorisovaDS.Sprint2.Task7.V7.Lib.csproj", "{CF6C7EF0-FD9B-4BEA-BC1B-B57DE2427DF1}"
EndProject
Project("{2150E333-8FDC-42A3-9474-1A3956D46DE8}") = "Review", "Review", "{3EE6F099-9E07-41E5-8182-504151B55355}"
EndProject
Project("{FAE04EC0-301F-11D3-BF4B-00C04F79EFBC}") = "Tyuiu.BorisovaDS.Sprint2.Review.V6", "Tyuiu.BorisovaDS.Sprint2.Review.V6\Tyuiu.BorisovaDS.Sprint2.Review.V6.csproj", "{519FD61A-8A38-400A-A6B3-0920E85267A4}"
EndProject
Project("{FAE04EC0-301F-11D3-BF4B-00C04F79EFBC}") = "Tyuiu.BorisovaDS.Sprint2.Review.V6.Test", "Tyuiu.BorisovaDS.Sprint2.Review.V6.Test\Tyuiu.BorisovaDS.Sprint2.Review.V6.Test.csproj", "{05F8B422-9323-4A55-8AF2-C70BED52EC2F}"
EndProject
Project("{FAE04EC0-301F-11D3-BF4B-00C04F79EFBC}") = "Tyuiu.BorisovaDS.Sprint2.Review.V6.Lib", "Tyuiu.BorisovaDS.Sprint2.Review.V6.Lib\Tyuiu.BorisovaDS.Sprint2.Review.V6.Lib.csproj", "{FC997CD9-D172-4F94-BB8C-378C28EB7CE0}"
EndProject
Global
	GlobalSection(SolutionConfigurationPlatforms) = preSolution
		Debug|Any CPU = Debug|Any CPU
		Release|Any CPU = Release|Any CPU
	EndGlobalSection
	GlobalSection(ProjectConfigurationPlatforms) = postSolution
		{63DC3B71-EA36-41B7-9A9D-D18922455BCA}.Debug|Any CPU.ActiveCfg = Debug|Any CPU
		{63DC3B71-EA36-41B7-9A9D-D18922455BCA}.Debug|Any CPU.Build.0 = Debug|Any CPU
		{63DC3B71-EA36-41B7-9A9D-D18922455BCA}.Release|Any CPU.ActiveCfg = Release|Any CPU
		{63DC3B71-EA36-41B7-9A9D-D18922455BCA}.Release|Any CPU.Build.0 = Release|Any CPU
		{0B47E9FA-AC0A-409A-BC94-EBBAA264BEEE}.Debug|Any CPU.ActiveCfg = Debug|Any CPU
		{0B47E9FA-AC0A-409A-BC94-EBBAA264BEEE}.Debug|Any CPU.Build.0 = Debug|Any CPU
		{0B47E9FA-AC0A-409A-BC94-EBBAA264BEEE}.Release|Any CPU.ActiveCfg = Release|Any CPU
		{0B47E9FA-AC0A-409A-BC94-EBBAA264BEEE}.Release|Any CPU.Build.0 = Release|Any CPU
		{CDE47A34-D282-416D-9CF8-FF362A2D8279}.Debug|Any CPU.ActiveCfg = Debug|Any CPU
		{CDE47A34-D282-416D-9CF8-FF362A2D8279}.Debug|Any CPU.Build.0 = Debug|Any CPU
		{CDE47A34-D282-416D-9CF8-FF362A2D8279}.Release|Any CPU.ActiveCfg = Release|Any CPU
		{CDE47A34-D282-416D-9CF8-FF362A2D8279}.Release|Any CPU.Build.0 = Release|Any CPU
		{5CD79321-2A78-4ED0-BD19-DA49560689E2}.Debug|Any CPU.ActiveCfg = Debug|Any CPU
		{5CD79321-2A78-4ED0-BD19-DA49560689E2}.Debug|Any CPU.Build.0 = Debug|Any CPU
		{5CD79321-2A78-4ED0-BD19-DA49560689E2}.Release|Any CPU.ActiveCfg = Release|Any CPU
		{5CD79321-2A78-4ED0-BD19-DA49560689E2}.Release|Any CPU.Build.0 = Release|Any CPU
		{A61E5C71-7562-43A0-BA05-84C1DD0542C0}.Debug|Any CPU.ActiveCfg = Debug|Any CPU
		{A61E5C71-7562-43A0-BA05-84C1DD0542C0}.Debug|Any CPU.Build.0 = Debug|Any CPU
		{A61E5C71-7562-43A0-BA05-84C1DD0542C0}.Release|Any CPU.ActiveCfg = Release|Any CPU
		{A61E5C71-7562-43A0-BA05-84C1DD0542C0}.Release|Any CPU.Build.0 = Release|Any CPU
		{545AC1FD-2AD3-468F-9D9E-B5DF9034854A}.Debug|Any CPU.ActiveCfg = Debug|Any CPU
		{545AC1FD-2AD3-468F-9D9E-B5DF9034854A}.Debug|Any CPU.Build.0 = Debug|Any CPU
		{545AC1FD-2AD3-468F-9D9E-B5DF9034854A}.Release|Any CPU.ActiveCfg = Release|Any CPU
		{545AC1FD-2AD3-468F-9D9E-B5DF9034854A}.Release|Any CPU.Build.0 = Release|Any CPU
		{E2D44F2A-64B1-442C-888D-44495ACF853B}.Debug|Any CPU.ActiveCfg = Debug|Any CPU
		{E2D44F2A-64B1-442C-888D-44495ACF853B}.Debug|Any CPU.Build.0 = Debug|Any CPU
		{E2D44F2A-64B1-442C-888D-44495ACF853B}.Release|Any CPU.ActiveCfg = Release|Any CPU
		{E2D44F2A-64B1-442C-888D-44495ACF853B}.Release|Any CPU.Build.0 = Release|Any CPU
		{C209A844-B566-467D-9249-17084475325C}.Debug|Any CPU.ActiveCfg = Debug|Any CPU
		{C209A844-B566-467D-9249-17084475325C}.Debug|Any CPU.Build.0 = Debug|Any CPU
		{C209A844-B566-467D-9249-17084475325C}.Release|Any CPU.ActiveCfg = Release|Any CPU
		{C209A844-B566-467D-9249-17084475325C}.Release|Any CPU.Build.0 = Release|Any CPU
		{D3C6BA0D-875A-4C0B-BB47-1290DD5C25A5}.Debug|Any CPU.ActiveCfg = Debug|Any CPU
		{D3C6BA0D-875A-4C0B-BB47-1290DD5C25A5}.Debug|Any CPU.Build.0 = Debug|Any CPU
		{D3C6BA0D-875A-4C0B-BB47-1290DD5C25A5}.Release|Any CPU.ActiveCfg = Release|Any CPU
		{D3C6BA0D-875A-4C0B-BB47-1290DD5C25A5}.Release|Any CPU.Build.0 = Release|Any CPU
		{0D70FD01-BB32-4922-BA67-56C294C4D950}.Debug|Any CPU.ActiveCfg = Debug|Any CPU
		{0D70FD01-BB32-4922-BA67-56C294C4D950}.Debug|Any CPU.Build.0 = Debug|Any CPU
		{0D70FD01-BB32-4922-BA67-56C294C4D950}.Release|Any CPU.ActiveCfg = Release|Any CPU
		{0D70FD01-BB32-4922-BA67-56C294C4D950}.Release|Any CPU.Build.0 = Release|Any CPU
		{155F567F-EB7B-4DE7-8A9B-CE593453D471}.Debug|Any CPU.ActiveCfg = Debug|Any CPU
		{155F567F-EB7B-4DE7-8A9B-CE593453D471}.Debug|Any CPU.Build.0 = Debug|Any CPU
		{155F567F-EB7B-4DE7-8A9B-CE593453D471}.Release|Any CPU.ActiveCfg = Release|Any CPU
		{155F567F-EB7B-4DE7-8A9B-CE593453D471}.Release|Any CPU.Build.0 = Release|Any CPU
		{8CE6FB48-E3E3-43DD-800A-83A6597559A3}.Debug|Any CPU.ActiveCfg = Debug|Any CPU
		{8CE6FB48-E3E3-43DD-800A-83A6597559A3}.Debug|Any CPU.Build.0 = Debug|Any CPU
		{8CE6FB48-E3E3-43DD-800A-83A6597559A3}.Release|Any CPU.ActiveCfg = Release|Any CPU
		{8CE6FB48-E3E3-43DD-800A-83A6597559A3}.Release|Any CPU.Build.0 = Release|Any CPU
		{7FE3D8E7-D8CD-4D81-9565-F6A7F8B5BBDD}.Debug|Any CPU.ActiveCfg = Debug|Any CPU
		{7FE3D8E7-D8CD-4D81-9565-F6A7F8B5BBDD}.Debug|Any CPU.Build.0 = Debug|Any CPU
		{7FE3D8E7-D8CD-4D81-9565-F6A7F8B5BBDD}.Release|Any CPU.ActiveCfg = Release|Any CPU
		{7FE3D8E7-D8CD-4D81-9565-F6A7F8B5BBDD}.Release|Any CPU.Build.0 = Release|Any CPU
		{BB7C5DCE-95C6-4E76-8EE9-CA0B06DBEBBC}.Debug|Any CPU.ActiveCfg = Debug|Any CPU
		{BB7C5DCE-95C6-4E76-8EE9-CA0B06DBEBBC}.Debug|Any CPU.Build.0 = Debug|Any CPU
		{BB7C5DCE-95C6-4E76-8EE9-CA0B06DBEBBC}.Release|Any CPU.ActiveCfg = Release|Any CPU
		{BB7C5DCE-95C6-4E76-8EE9-CA0B06DBEBBC}.Release|Any CPU.Build.0 = Release|Any CPU
		{539BD0B8-5CDA-423D-82C4-38A3BB8E5F4D}.Debug|Any CPU.ActiveCfg = Debug|Any CPU
		{539BD0B8-5CDA-423D-82C4-38A3BB8E5F4D}.Debug|Any CPU.Build.0 = Debug|Any CPU
		{539BD0B8-5CDA-423D-82C4-38A3BB8E5F4D}.Release|Any CPU.ActiveCfg = Release|Any CPU
		{539BD0B8-5CDA-423D-82C4-38A3BB8E5F4D}.Release|Any CPU.Build.0 = Release|Any CPU
		{F8BF56C9-25E1-4163-9E88-D3BF5E5AC67F}.Debug|Any CPU.ActiveCfg = Debug|Any CPU
		{F8BF56C9-25E1-4163-9E88-D3BF5E5AC67F}.Debug|Any CPU.Build.0 = Debug|Any CPU
		{F8BF56C9-25E1-4163-9E88-D3BF5E5AC67F}.Release|Any CPU.ActiveCfg = Release|Any CPU
		{F8BF56C9-25E1-4163-9E88-D3BF5E5AC67F}.Release|Any CPU.Build.0 = Release|Any CPU
		{CB6692C6-F0A9-4ACB-87ED-DB9D1E05C097}.Debug|Any CPU.ActiveCfg = Debug|Any CPU
		{CB6692C6-F0A9-4ACB-87ED-DB9D1E05C097}.Debug|Any CPU.Build.0 = Debug|Any CPU
		{CB6692C6-F0A9-4ACB-87ED-DB9D1E05C097}.Release|Any CPU.ActiveCfg = Release|Any CPU
		{CB6692C6-F0A9-4ACB-87ED-DB9D1E05C097}.Release|Any CPU.Build.0 = Release|Any CPU
		{CCA3C806-7E52-4D30-84FA-F8DA255E0444}.Debug|Any CPU.ActiveCfg = Debug|Any CPU
		{CCA3C806-7E52-4D30-84FA-F8DA255E0444}.Debug|Any CPU.Build.0 = Debug|Any CPU
		{CCA3C806-7E52-4D30-84FA-F8DA255E0444}.Release|Any CPU.ActiveCfg = Release|Any CPU
		{CCA3C806-7E52-4D30-84FA-F8DA255E0444}.Release|Any CPU.Build.0 = Release|Any CPU
		{8EEFC150-B69B-467A-88CC-E7D7AA41A5C5}.Debug|Any CPU.ActiveCfg = Debug|Any CPU
		{8EEFC150-B69B-467A-88CC-E7D7AA41A5C5}.Debug|Any CPU.Build.0 = Debug|Any CPU
		{8EEFC150-B69B-467A-88CC-E7D7AA41A5C5}.Release|Any CPU.ActiveCfg = Release|Any CPU
		{8EEFC150-B69B-467A-88CC-E7D7AA41A5C5}.Release|Any CPU.Build.0 = Release|Any CPU
		{C6D45B95-D9CA-46A6-8338-9028AFE58D2E}.Debug|Any CPU.ActiveCfg = Debug|Any CPU
		{C6D45B95-D9CA-46A6-8338-9028AFE58D2E}.Debug|Any CPU.Build.0 = Debug|Any CPU
		{C6D45B95-D9CA-46A6-8338-9028AFE58D2E}.Release|Any CPU.ActiveCfg = Release|Any CPU
		{C6D45B95-D9CA-46A6-8338-9028AFE58D2E}.Release|Any CPU.Build.0 = Release|Any CPU
		{14B367BC-3527-4DFF-9C9D-0139D84270FE}.Debug|Any CPU.ActiveCfg = Debug|Any CPU
		{14B367BC-3527-4DFF-9C9D-0139D84270FE}.Debug|Any CPU.Build.0 = Debug|Any CPU
		{14B367BC-3527-4DFF-9C9D-0139D84270FE}.Release|Any CPU.ActiveCfg = Release|Any CPU
		{14B367BC-3527-4DFF-9C9D-0139D84270FE}.Release|Any CPU.Build.0 = Release|Any CPU
		{BDC5AF3F-5607-43CF-8B1D-B9BC326DA366}.Debug|Any CPU.ActiveCfg = Debug|Any CPU
		{BDC5AF3F-5607-43CF-8B1D-B9BC326DA366}.Debug|Any CPU.Build.0 = Debug|Any CPU
		{BDC5AF3F-5607-43CF-8B1D-B9BC326DA366}.Release|Any CPU.ActiveCfg = Release|Any CPU
		{BDC5AF3F-5607-43CF-8B1D-B9BC326DA366}.Release|Any CPU.Build.0 = Release|Any CPU
		{58485BA7-C977-4AB4-93DC-65081EFCB371}.Debug|Any CPU.ActiveCfg = Debug|Any CPU
		{58485BA7-C977-4AB4-93DC-65081EFCB371}.Debug|Any CPU.Build.0 = Debug|Any CPU
		{58485BA7-C977-4AB4-93DC-65081EFCB371}.Release|Any CPU.ActiveCfg = Release|Any CPU
		{58485BA7-C977-4AB4-93DC-65081EFCB371}.Release|Any CPU.Build.0 = Release|Any CPU
		{CF6C7EF0-FD9B-4BEA-BC1B-B57DE2427DF1}.Debug|Any CPU.ActiveCfg = Debug|Any CPU
		{CF6C7EF0-FD9B-4BEA-BC1B-B57DE2427DF1}.Debug|Any CPU.Build.0 = Debug|Any CPU
		{CF6C7EF0-FD9B-4BEA-BC1B-B57DE2427DF1}.Release|Any CPU.ActiveCfg = Release|Any CPU
		{CF6C7EF0-FD9B-4BEA-BC1B-B57DE2427DF1}.Release|Any CPU.Build.0 = Release|Any CPU
		{519FD61A-8A38-400A-A6B3-0920E85267A4}.Debug|Any CPU.ActiveCfg = Debug|Any CPU
		{519FD61A-8A38-400A-A6B3-0920E85267A4}.Debug|Any CPU.Build.0 = Debug|Any CPU
		{519FD61A-8A38-400A-A6B3-0920E85267A4}.Release|Any CPU.ActiveCfg = Release|Any CPU
		{519FD61A-8A38-400A-A6B3-0920E85267A4}.Release|Any CPU.Build.0 = Release|Any CPU
		{05F8B422-9323-4A55-8AF2-C70BED52EC2F}.Debug|Any CPU.ActiveCfg = Debug|Any CPU
		{05F8B422-9323-4A55-8AF2-C70BED52EC2F}.Debug|Any CPU.Build.0 = Debug|Any CPU
		{05F8B422-9323-4A55-8AF2-C70BED52EC2F}.Release|Any CPU.ActiveCfg = Release|Any CPU
		{05F8B422-9323-4A55-8AF2-C70BED52EC2F}.Release|Any CPU.Build.0 = Release|Any CPU
		{FC997CD9-D172-4F94-BB8C-378C28EB7CE0}.Debug|Any CPU.ActiveCfg = Debug|Any CPU
		{FC997CD9-D172-4F94-BB8C-378C28EB7CE0}.Debug|Any CPU.Build.0 = Debug|Any CPU
		{FC997CD9-D172-4F94-BB8C-378C28EB7CE0}.Release|Any CPU.ActiveCfg = Release|Any CPU
		{FC997CD9-D172-4F94-BB8C-378C28EB7CE0}.Release|Any CPU.Build.0 = Release|Any CPU
	EndGlobalSection
	GlobalSection(SolutionProperties) = preSolution
		HideSolutionNode = FALSE
	EndGlobalSection
	GlobalSection(NestedProjects) = preSolution
		{63DC3B71-EA36-41B7-9A9D-D18922455BCA} = {03DE872F-8108-45D7-95C1-39FDE1864B9E}
		{0B47E9FA-AC0A-409A-BC94-EBBAA264BEEE} = {03DE872F-8108-45D7-95C1-39FDE1864B9E}
		{CDE47A34-D282-416D-9CF8-FF362A2D8279} = {03DE872F-8108-45D7-95C1-39FDE1864B9E}
		{5CD79321-2A78-4ED0-BD19-DA49560689E2} = {90AF0211-B62C-4816-810F-488BDF50AA6E}
		{A61E5C71-7562-43A0-BA05-84C1DD0542C0} = {90AF0211-B62C-4816-810F-488BDF50AA6E}
		{545AC1FD-2AD3-468F-9D9E-B5DF9034854A} = {90AF0211-B62C-4816-810F-488BDF50AA6E}
		{E2D44F2A-64B1-442C-888D-44495ACF853B} = {433FFB40-EC07-4148-99B1-DEE07D03D72B}
		{C209A844-B566-467D-9249-17084475325C} = {433FFB40-EC07-4148-99B1-DEE07D03D72B}
		{D3C6BA0D-875A-4C0B-BB47-1290DD5C25A5} = {433FFB40-EC07-4148-99B1-DEE07D03D72B}
		{0D70FD01-BB32-4922-BA67-56C294C4D950} = {12A043D8-8C30-4604-A1E8-3C182103E46E}
		{155F567F-EB7B-4DE7-8A9B-CE593453D471} = {12A043D8-8C30-4604-A1E8-3C182103E46E}
		{8CE6FB48-E3E3-43DD-800A-83A6597559A3} = {12A043D8-8C30-4604-A1E8-3C182103E46E}
		{7FE3D8E7-D8CD-4D81-9565-F6A7F8B5BBDD} = {E4471C42-179E-40DC-BEF3-CBE02E93E367}
		{BB7C5DCE-95C6-4E76-8EE9-CA0B06DBEBBC} = {E4471C42-179E-40DC-BEF3-CBE02E93E367}
		{539BD0B8-5CDA-423D-82C4-38A3BB8E5F4D} = {E4471C42-179E-40DC-BEF3-CBE02E93E367}
		{F8BF56C9-25E1-4163-9E88-D3BF5E5AC67F} = {2725D3DD-EACD-4EEF-BEC7-E0F4B0B48F88}
		{CB6692C6-F0A9-4ACB-87ED-DB9D1E05C097} = {2725D3DD-EACD-4EEF-BEC7-E0F4B0B48F88}
		{CCA3C806-7E52-4D30-84FA-F8DA255E0444} = {2725D3DD-EACD-4EEF-BEC7-E0F4B0B48F88}
		{8EEFC150-B69B-467A-88CC-E7D7AA41A5C5} = {A4B95035-88F2-4799-8009-B699BFC00670}
		{C6D45B95-D9CA-46A6-8338-9028AFE58D2E} = {A4B95035-88F2-4799-8009-B699BFC00670}
		{14B367BC-3527-4DFF-9C9D-0139D84270FE} = {A4B95035-88F2-4799-8009-B699BFC00670}
		{BDC5AF3F-5607-43CF-8B1D-B9BC326DA366} = {F8CA48CE-9522-4EAC-960E-6B7ECC030B82}
		{58485BA7-C977-4AB4-93DC-65081EFCB371} = {F8CA48CE-9522-4EAC-960E-6B7ECC030B82}
		{CF6C7EF0-FD9B-4BEA-BC1B-B57DE2427DF1} = {F8CA48CE-9522-4EAC-960E-6B7ECC030B82}
		{519FD61A-8A38-400A-A6B3-0920E85267A4} = {3EE6F099-9E07-41E5-8182-504151B55355}
		{05F8B422-9323-4A55-8AF2-C70BED52EC2F} = {3EE6F099-9E07-41E5-8182-504151B55355}
		{FC997CD9-D172-4F94-BB8C-378C28EB7CE0} = {3EE6F099-9E07-41E5-8182-504151B55355}
	EndGlobalSection
	GlobalSection(ExtensibilityGlobals) = postSolution
		SolutionGuid = {41615E8C-111C-4B86-B0B7-6A77FDD4F29C}
	EndGlobalSection
EndGlobal
